{
  "version": 1,
  "dependencies": {
    "net10.0-windows7.0": {
      "DalamudPackager": {
        "type": "Direct",
        "requested": "[15.0.0, )",
        "resolved": "15.0.0",
        "contentHash": "411vwC8/X8Z/sQ2TI6v3SvOn66xFPeOjFn3Zn+h0d3Ox2t1kFm66AhDvmx/qcMwVrR+Hidxj0dadpQ2dgyXMBQ=="
      },
      "DotNet.ReproducibleBuilds": {
        "type": "Direct",
        "requested": "[2.0.2, )",
        "resolved": "2.0.2",
        "contentHash": "VaHoEN6YHp0jXucxm67vfuRy8zo9ufiKSuaZ4ZudRi8xmWcEFMKxfCsg2nvYNvdISFTURDu+IHqADGh53+Bamw=="
      },
      "Penumbra.Api": {
        "type": "Direct",
        "requested": "[5.19.0, )",
        "resolved": "5.19.0",
        "contentHash": "KZI5wtO8yTZ9hCDJxqbYSEUPjS14iHlWHRwTPb0BxcWCxEBMdmV2KkZhdEVmmjrlHStc6ZW4gkECa1nZxy6UQQ==",
        "dependencies": {
          "Luna": "1.0.0"
        }
      },
      "Luna": {
        "type": "Transitive",
        "resolved": "1.0.0",
        "contentHash": "73W1LbPUbMRxr7yPeQ3ONd+cq0UbEVSdXCH9DmASthH3kt0ybZO8qb53jXGGJGxPAU5pp9bsVCTiAIppUQe0qg==",
        "dependencies": {
          "Microsoft.Extensions.Caching.Memory": "3.1.8"
        }
      },
      "Microsoft.Extensions.Caching.Abstractions": {
        "type": "Transitive",
        "resolved": "3.1.8",
        "contentHash": "iBIdKjKa2nR4LdknV2JMSRpJVM5TOca25EckPm6SZQT6HfH8RoHrn9m14GUAkvzE+uOziXRoAwr8YIC6ZOpyXg==",
        "dependencies": {
          "Microsoft.Extensions.Primitives": "3.1.8"
        }
      },
      "Microsoft.Extensions.Caching.Memory": {
        "type": "Transitive",
        "resolved": "3.1.8",
        "contentHash": "u04q7+tgc8l6pQ5HOcr6scgapkQQHnrhpGoCaaAZd24R36/NxGsGxuhSmhHOrQx9CsBLe2CVBN/4CkLlxtnnXw==",
        "dependencies": {
          "Microsoft.Extensions.Caching.Abstractions": "3.1.8",
          "Microsoft.Extensions.DependencyInjection.Abstractions": "3.1.8",
          "Microsoft.Extensions.Logging.Abstractions": "3.1.8",
          "Microsoft.Extensions.Options": "3.1.8"
        }
      },
      "Microsoft.Extensions.DependencyInjection.Abstractions": {
        "type": "Transitive",
        "resolved": "3.1.8",
        "contentHash": "YP0kEBkSLTVl3znqZEux+xyJpz5iVNwFZf0OPS7nupdKbojSlO7Fa+JuQjLYpWfpAshaMcznu27tjWzfXRJnOA=="
      },
      "Microsoft.Extensions.Logging.Abstractions": {
        "type": "Transitive",
        "resolved": "3.1.8",
        "contentHash": "LxQPR/KE4P9nx304VcFipWPcW8ZOZOGHuiYlG0ncAQJItogDzR9nyYUNvziLObx2MfX2Z9iCTdAqEtoImaQOYg=="
      },
      "Microsoft.Extensions.Options": {
        "type": "Transitive",
        "resolved": "3.1.8",
        "contentHash": "mpkwjNg5sr1XHEJwVS8G1w6dsh5/72vQOOe4aqhg012j93m8OOmfyIBwoQN4SE0KRRS+fatdW3qqUrHbRwlWOA==",
        "dependencies": {
          "Microsoft.Extensions.DependencyInjection.Abstractions": "3.1.8",
          "Microsoft.Extensions.Primitives": "3.1.8"
        }
      },
      "Microsoft.Extensions.Primitives": {
        "type": "Transitive",
        "resolved": "3.1.8",
        "contentHash": "XcIoXQhT0kwnEhOKv/LmpWR6yF6QWmBTy9Fcsz4aHuCOgTJ7Zd23ELtUA4BfwlYoFlSedavS+vURz9tNekd44g=="
      }
    }
  }
}